// !$*UTF8*$!
{
	archiveVersion = 1;
	classes = {
	};
	objectVersion = 56;
	objects = {

/* Begin PBXBuildFile section */
		28F233752A3DABE100EFA5EF /* CoreDataProvider.swift in Sources */ = {isa = PBXBuildFile; fileRef = 28F2334E2A3DABE100EFA5EF /* CoreDataProvider.swift */; };
		28F233762A3DABE100EFA5EF /* Assets.xcassets in Resources */ = {isa = PBXBuildFile; fileRef = 28F2334F2A3DABE100EFA5EF /* Assets.xcassets */; };
		28F233772A3DABE100EFA5EF /* UserDataManager.swift in Sources */ = {isa = PBXBuildFile; fileRef = 28F233502A3DABE100EFA5EF /* UserDataManager.swift */; };
		28F233782A3DABE100EFA5EF /* Delay.swift in Sources */ = {isa = PBXBuildFile; fileRef = 28F233522A3DABE100EFA5EF /* Delay.swift */; };
		28F233792A3DABE100EFA5EF /* CustomOperators.swift in Sources */ = {isa = PBXBuildFile; fileRef = 28F233532A3DABE100EFA5EF /* CustomOperators.swift */; };
		28F2337A2A3DABE100EFA5EF /* ReminderEditConfig.swift in Sources */ = {isa = PBXBuildFile; fileRef = 28F233562A3DABE100EFA5EF /* ReminderEditConfig.swift */; };
		28F2337B2A3DABE100EFA5EF /* MyList+CoreDataClass.swift in Sources */ = {isa = PBXBuildFile; fileRef = 28F233572A3DABE100EFA5EF /* MyList+CoreDataClass.swift */; };
		28F2337C2A3DABE100EFA5EF /* MyList+CoreDataProperties.swift in Sources */ = {isa = PBXBuildFile; fileRef = 28F233582A3DABE100EFA5EF /* MyList+CoreDataProperties.swift */; };
		28F2337D2A3DABE100EFA5EF /* PreviewData.swift in Sources */ = {isa = PBXBuildFile; fileRef = 28F2335A2A3DABE100EFA5EF /* PreviewData.swift */; };
		28F2337E2A3DABE100EFA5EF /* Preview Assets.xcassets in Resources */ = {isa = PBXBuildFile; fileRef = 28F2335B2A3DABE100EFA5EF /* Preview Assets.xcassets */; };
		28F2337F2A3DABE100EFA5EF /* Color+Extensions.swift in Sources */ = {isa = PBXBuildFile; fileRef = 28F2335D2A3DABE100EFA5EF /* Color+Extensions.swift */; };
		28F233802A3DABE100EFA5EF /* Date+Extensions.swift in Sources */ = {isa = PBXBuildFile; fileRef = 28F2335E2A3DABE100EFA5EF /* Date+Extensions.swift */; };
		28F233812A3DABE100EFA5EF /* UIColorTransformer.swift in Sources */ = {isa = PBXBuildFile; fileRef = 28F233602A3DABE100EFA5EF /* UIColorTransformer.swift */; };
		28F233822A3DABE100EFA5EF /* RemindersAppApp.swift in Sources */ = {isa = PBXBuildFile; fileRef = 28F233612A3DABE100EFA5EF /* RemindersAppApp.swift */; };
		28F233832A3DABE100EFA5EF /* ColorPickerView.swift in Sources */ = {isa = PBXBuildFile; fileRef = 28F233632A3DABE100EFA5EF /* ColorPickerView.swift */; };
		28F233842A3DABE100EFA5EF /* ReminderDetailView.swift in Sources */ = {isa = PBXBuildFile; fileRef = 28F233642A3DABE100EFA5EF /* ReminderDetailView.swift */; };
		28F233852A3DABE100EFA5EF /* SelectListView.swift in Sources */ = {isa = PBXBuildFile; fileRef = 28F233652A3DABE100EFA5EF /* SelectListView.swift */; };
		28F233862A3DABE100EFA5EF /* AddNewListView.swift in Sources */ = {isa = PBXBuildFile; fileRef = 28F233662A3DABE100EFA5EF /* AddNewListView.swift */; };
		28F233872A3DABE100EFA5EF /* ReminderListView.swift in Sources */ = {isa = PBXBuildFile; fileRef = 28F233672A3DABE100EFA5EF /* ReminderListView.swift */; };
		28F233882A3DABE100EFA5EF /* ReminderCellView.swift in Sources */ = {isa = PBXBuildFile; fileRef = 28F233682A3DABE100EFA5EF /* ReminderCellView.swift */; };
		28F233892A3DABE100EFA5EF /* MyListCellView.swift in Sources */ = {isa = PBXBuildFile; fileRef = 28F233692A3DABE100EFA5EF /* MyListCellView.swift */; };
		28F2338A2A3DABE100EFA5EF /* MyListsView.swift in Sources */ = {isa = PBXBuildFile; fileRef = 28F2336A2A3DABE100EFA5EF /* MyListsView.swift */; };
		28F2338B2A3DABE100EFA5EF /* RemindersModel.xcdatamodeld in Sources */ = {isa = PBXBuildFile; fileRef = 28F2336B2A3DABE100EFA5EF /* RemindersModel.xcdatamodeld */; };
		28F2338D2A3DABE100EFA5EF /* ReminderService.swift in Sources */ = {isa = PBXBuildFile; fileRef = 28F2336F2A3DABE100EFA5EF /* ReminderService.swift */; };
		28F2338E2A3DABE100EFA5EF /* LoginView.swift in Sources */ = {isa = PBXBuildFile; fileRef = 28F233712A3DABE100EFA5EF /* LoginView.swift */; };
		28F2338F2A3DABE100EFA5EF /* RegisterView.swift in Sources */ = {isa = PBXBuildFile; fileRef = 28F233722A3DABE100EFA5EF /* RegisterView.swift */; };
		28F233902A3DABE100EFA5EF /* ContentView.swift in Sources */ = {isa = PBXBuildFile; fileRef = 28F233732A3DABE100EFA5EF /* ContentView.swift */; };
		28F233932A3DAC0F00EFA5EF /* Alamofire in Frameworks */ = {isa = PBXBuildFile; productRef = 28F233922A3DAC0F00EFA5EF /* Alamofire */; };
/* End PBXBuildFile section */

/* Begin PBXFileReference section */
		28F2334E2A3DABE100EFA5EF /* CoreDataProvider.swift */ = {isa = PBXFileReference; fileEncoding = 4; lastKnownFileType = sourcecode.swift; path = CoreDataProvider.swift; sourceTree = "<group>"; };
		28F2334F2A3DABE100EFA5EF /* Assets.xcassets */ = {isa = PBXFileReference; lastKnownFileType = folder.assetcatalog; path = Assets.xcassets; sourceTree = "<group>"; };
		28F233502A3DABE100EFA5EF /* UserDataManager.swift */ = {isa = PBXFileReference; fileEncoding = 4; lastKnownFileType = sourcecode.swift; path = UserDataManager.swift; sourceTree = "<group>"; };
		28F233522A3DABE100EFA5EF /* Delay.swift */ = {isa = PBXFileReference; fileEncoding = 4; lastKnownFileType = sourcecode.swift; path = Delay.swift; sourceTree = "<group>"; };
		28F233532A3DABE100EFA5EF /* CustomOperators.swift */ = {isa = PBXFileReference; fileEncoding = 4; lastKnownFileType = sourcecode.swift; path = CustomOperators.swift; sourceTree = "<group>"; };
		28F233562A3DABE100EFA5EF /* ReminderEditConfig.swift */ = {isa = PBXFileReference; fileEncoding = 4; lastKnownFileType = sourcecode.swift; path = ReminderEditConfig.swift; sourceTree = "<group>"; };
		28F233572A3DABE100EFA5EF /* MyList+CoreDataClass.swift */ = {isa = PBXFileReference; fileEncoding = 4; lastKnownFileType = sourcecode.swift; path = "MyList+CoreDataClass.swift"; sourceTree = "<group>"; };
		28F233582A3DABE100EFA5EF /* MyList+CoreDataProperties.swift */ = {isa = PBXFileReference; fileEncoding = 4; lastKnownFileType = sourcecode.swift; path = "MyList+CoreDataProperties.swift"; sourceTree = "<group>"; };
		28F2335A2A3DABE100EFA5EF /* PreviewData.swift */ = {isa = PBXFileReference; fileEncoding = 4; lastKnownFileType = sourcecode.swift; path = PreviewData.swift; sourceTree = "<group>"; };
		28F2335B2A3DABE100EFA5EF /* Preview Assets.xcassets */ = {isa = PBXFileReference; lastKnownFileType = folder.assetcatalog; path = "Preview Assets.xcassets"; sourceTree = "<group>"; };
		28F2335D2A3DABE100EFA5EF /* Color+Extensions.swift */ = {isa = PBXFileReference; fileEncoding = 4; lastKnownFileType = sourcecode.swift; path = "Color+Extensions.swift"; sourceTree = "<group>"; };
		28F2335E2A3DABE100EFA5EF /* Date+Extensions.swift */ = {isa = PBXFileReference; fileEncoding = 4; lastKnownFileType = sourcecode.swift; path = "Date+Extensions.swift"; sourceTree = "<group>"; };
		28F233602A3DABE100EFA5EF /* UIColorTransformer.swift */ = {isa = PBXFileReference; fileEncoding = 4; lastKnownFileType = sourcecode.swift; path = UIColorTransformer.swift; sourceTree = "<group>"; };
		28F233612A3DABE100EFA5EF /* RemindersAppApp.swift */ = {isa = PBXFileReference; fileEncoding = 4; lastKnownFileType = sourcecode.swift; path = RemindersAppApp.swift; sourceTree = "<group>"; };
		28F233632A3DABE100EFA5EF /* ColorPickerView.swift */ = {isa = PBXFileReference; fileEncoding = 4; lastKnownFileType = sourcecode.swift; path = ColorPickerView.swift; sourceTree = "<group>"; };
		28F233642A3DABE100EFA5EF /* ReminderDetailView.swift */ = {isa = PBXFileReference; fileEncoding = 4; lastKnownFileType = sourcecode.swift; path = ReminderDetailView.swift; sourceTree = "<group>"; };
		28F233652A3DABE100EFA5EF /* SelectListView.swift */ = {isa = PBXFileReference; fileEncoding = 4; lastKnownFileType = sourcecode.swift; path = SelectListView.swift; sourceTree = "<group>"; };
		28F233662A3DABE100EFA5EF /* AddNewListView.swift */ = {isa = PBXFileReference; fileEncoding = 4; lastKnownFileType = sourcecode.swift; path = AddNewListView.swift; sourceTree = "<group>"; };
		28F233672A3DABE100EFA5EF /* ReminderListView.swift */ = {isa = PBXFileReference; fileEncoding = 4; lastKnownFileType = sourcecode.swift; path = ReminderListView.swift; sourceTree = "<group>"; };
		28F233682A3DABE100EFA5EF /* ReminderCellView.swift */ = {isa = PBXFileReference; fileEncoding = 4; lastKnownFileType = sourcecode.swift; path = ReminderCellView.swift; sourceTree = "<group>"; };
		28F233692A3DABE100EFA5EF /* MyListCellView.swift */ = {isa = PBXFileReference; fileEncoding = 4; lastKnownFileType = sourcecode.swift; path = MyListCellView.swift; sourceTree = "<group>"; };
		28F2336A2A3DABE100EFA5EF /* MyListsView.swift */ = {isa = PBXFileReference; fileEncoding = 4; lastKnownFileType = sourcecode.swift; path = MyListsView.swift; sourceTree = "<group>"; };
		28F2336C2A3DABE100EFA5EF /* RemindersModel.xcdatamodel */ = {isa = PBXFileReference; lastKnownFileType = wrapper.xcdatamodel; path = RemindersModel.xcdatamodel; sourceTree = "<group>"; };
		28F2336F2A3DABE100EFA5EF /* ReminderService.swift */ = {isa = PBXFileReference; fileEncoding = 4; lastKnownFileType = sourcecode.swift; path = ReminderService.swift; sourceTree = "<group>"; };
		28F233712A3DABE100EFA5EF /* LoginView.swift */ = {isa = PBXFileReference; fileEncoding = 4; lastKnownFileType = sourcecode.swift; path = LoginView.swift; sourceTree = "<group>"; };
		28F233722A3DABE100EFA5EF /* RegisterView.swift */ = {isa = PBXFileReference; fileEncoding = 4; lastKnownFileType = sourcecode.swift; path = RegisterView.swift; sourceTree = "<group>"; };
		28F233732A3DABE100EFA5EF /* ContentView.swift */ = {isa = PBXFileReference; fileEncoding = 4; lastKnownFileType = sourcecode.swift; path = ContentView.swift; sourceTree = "<group>"; };
		28F5519F2A2708B90035CF2A /* Asteroid_ToDoList.app */ = {isa = PBXFileReference; explicitFileType = wrapper.application; includeInIndex = 0; path = Asteroid_ToDoList.app; sourceTree = BUILT_PRODUCTS_DIR; };
/* End PBXFileReference section */

/* Begin PBXFrameworksBuildPhase section */
		28F5519C2A2708B90035CF2A /* Frameworks */ = {
			isa = PBXFrameworksBuildPhase;
			buildActionMask = 2147483647;
			files = (
				28F233932A3DAC0F00EFA5EF /* Alamofire in Frameworks */,
			);
			runOnlyForDeploymentPostprocessing = 0;
		};
/* End PBXFrameworksBuildPhase section */

/* Begin PBXGroup section */
		28F2334B2A3DABE100EFA5EF /* RemindersApp */ = {
			isa = PBXGroup;
			children = (
				28F2334D2A3DABE100EFA5EF /* Providers */,
				28F233502A3DABE100EFA5EF /* UserDataManager.swift */,
				28F233512A3DABE100EFA5EF /* Utils */,
				28F233542A3DABE100EFA5EF /* Models */,
				28F233592A3DABE100EFA5EF /* Preview Content */,
				28F2335C2A3DABE100EFA5EF /* Extensions */,
				28F2335F2A3DABE100EFA5EF /* Transformers */,
				28F233612A3DABE100EFA5EF /* RemindersAppApp.swift */,
				28F233622A3DABE100EFA5EF /* Views */,
				28F2336B2A3DABE100EFA5EF /* RemindersModel.xcdatamodeld */,
				28F2336E2A3DABE100EFA5EF /* Services */,
				28F233702A3DABE100EFA5EF /* LoginView */,
			);
			path = RemindersApp;
			sourceTree = "<group>";
		};
		28F2334D2A3DABE100EFA5EF /* Providers */ = {
			isa = PBXGroup;
			children = (
				28F2334E2A3DABE100EFA5EF /* CoreDataProvider.swift */,
			);
			path = Providers;
			sourceTree = "<group>";
		};
		28F233512A3DABE100EFA5EF /* Utils */ = {
			isa = PBXGroup;
			children = (
				28F233522A3DABE100EFA5EF /* Delay.swift */,
				28F233532A3DABE100EFA5EF /* CustomOperators.swift */,
			);
			path = Utils;
			sourceTree = "<group>";
		};
		28F233542A3DABE100EFA5EF /* Models */ = {
			isa = PBXGroup;
			children = (
				28F233552A3DABE100EFA5EF /* EditConfigs */,
				28F233572A3DABE100EFA5EF /* MyList+CoreDataClass.swift */,
				28F233582A3DABE100EFA5EF /* MyList+CoreDataProperties.swift */,
			);
			path = Models;
			sourceTree = "<group>";
		};
		28F233552A3DABE100EFA5EF /* EditConfigs */ = {
			isa = PBXGroup;
			children = (
				28F233562A3DABE100EFA5EF /* ReminderEditConfig.swift */,
			);
			path = EditConfigs;
			sourceTree = "<group>";
		};
		28F233592A3DABE100EFA5EF /* Preview Content */ = {
			isa = PBXGroup;
			children = (
				28F2335A2A3DABE100EFA5EF /* PreviewData.swift */,
				28F2335B2A3DABE100EFA5EF /* Preview Assets.xcassets */,
			);
			path = "Preview Content";
			sourceTree = "<group>";
		};
		28F2335C2A3DABE100EFA5EF /* Extensions */ = {
			isa = PBXGroup;
			children = (
				28F2335D2A3DABE100EFA5EF /* Color+Extensions.swift */,
				28F2335E2A3DABE100EFA5EF /* Date+Extensions.swift */,
			);
			path = Extensions;
			sourceTree = "<group>";
		};
		28F2335F2A3DABE100EFA5EF /* Transformers */ = {
			isa = PBXGroup;
			children = (
				28F233602A3DABE100EFA5EF /* UIColorTransformer.swift */,
			);
			path = Transformers;
			sourceTree = "<group>";
		};
		28F233622A3DABE100EFA5EF /* Views */ = {
			isa = PBXGroup;
			children = (
				28F233632A3DABE100EFA5EF /* ColorPickerView.swift */,
				28F233642A3DABE100EFA5EF /* ReminderDetailView.swift */,
				28F233652A3DABE100EFA5EF /* SelectListView.swift */,
				28F233662A3DABE100EFA5EF /* AddNewListView.swift */,
				28F233672A3DABE100EFA5EF /* ReminderListView.swift */,
				28F233682A3DABE100EFA5EF /* ReminderCellView.swift */,
				28F233692A3DABE100EFA5EF /* MyListCellView.swift */,
				28F2336A2A3DABE100EFA5EF /* MyListsView.swift */,
			);
			path = Views;
			sourceTree = "<group>";
		};
		28F2336E2A3DABE100EFA5EF /* Services */ = {
			isa = PBXGroup;
			children = (
				28F2336F2A3DABE100EFA5EF /* ReminderService.swift */,
			);
			path = Services;
			sourceTree = "<group>";
		};
		28F233702A3DABE100EFA5EF /* LoginView */ = {
			isa = PBXGroup;
			children = (
				28F233712A3DABE100EFA5EF /* LoginView.swift */,
				28F233722A3DABE100EFA5EF /* RegisterView.swift */,
				28F233732A3DABE100EFA5EF /* ContentView.swift */,
			);
			path = LoginView;
			sourceTree = "<group>";
		};
		28F551962A2708B90035CF2A = {
			isa = PBXGroup;
			children = (
				28F2334F2A3DABE100EFA5EF /* Assets.xcassets */,
				28F2334B2A3DABE100EFA5EF /* RemindersApp */,
				28F551A02A2708B90035CF2A /* Products */,
			);
			sourceTree = "<group>";
		};
		28F551A02A2708B90035CF2A /* Products */ = {
			isa = PBXGroup;
			children = (
				28F5519F2A2708B90035CF2A /* Asteroid_ToDoList.app */,
			);
			name = Products;
			sourceTree = "<group>";
		};
/* End PBXGroup section */

/* Begin PBXNativeTarget section */
		28F5519E2A2708B90035CF2A /* Asteroid_ToDoList */ = {
			isa = PBXNativeTarget;
			buildConfigurationList = 28F551AD2A2708BA0035CF2A /* Build configuration list for PBXNativeTarget "Asteroid_ToDoList" */;
			buildPhases = (
				28F5519B2A2708B90035CF2A /* Sources */,
				28F5519C2A2708B90035CF2A /* Frameworks */,
				28F5519D2A2708B90035CF2A /* Resources */,
			);
			buildRules = (
			);
			dependencies = (
			);
			name = Asteroid_ToDoList;
			packageProductDependencies = (
				28F233922A3DAC0F00EFA5EF /* Alamofire */,
			);
			productName = Asteroid_ToDoList;
			productReference = 28F5519F2A2708B90035CF2A /* Asteroid_ToDoList.app */;
			productType = "com.apple.product-type.application";
		};
/* End PBXNativeTarget section */

/* Begin PBXProject section */
		28F551972A2708B90035CF2A /* Project object */ = {
			isa = PBXProject;
			attributes = {
				BuildIndependentTargetsInParallel = 1;
				LastSwiftUpdateCheck = 1420;
				LastUpgradeCheck = 1420;
				TargetAttributes = {
					28F5519E2A2708B90035CF2A = {
						CreatedOnToolsVersion = 14.2;
					};
				};
			};
			buildConfigurationList = 28F5519A2A2708B90035CF2A /* Build configuration list for PBXProject "Asteroid_ToDoList" */;
			compatibilityVersion = "Xcode 14.0";
			developmentRegion = en;
			hasScannedForEncodings = 0;
			knownRegions = (
				en,
				Base,
			);
			mainGroup = 28F551962A2708B90035CF2A;
			packageReferences = (
				28F233912A3DAC0F00EFA5EF /* XCRemoteSwiftPackageReference "Alamofire" */,
			);
			productRefGroup = 28F551A02A2708B90035CF2A /* Products */;
			projectDirPath = "";
			projectRoot = "";
			targets = (
				28F5519E2A2708B90035CF2A /* Asteroid_ToDoList */,
			);
		};
/* End PBXProject section */

/* Begin PBXResourcesBuildPhase section */
		28F5519D2A2708B90035CF2A /* Resources */ = {
			isa = PBXResourcesBuildPhase;
			buildActionMask = 2147483647;
			files = (
				28F2337E2A3DABE100EFA5EF /* Preview Assets.xcassets in Resources */,
				28F233762A3DABE100EFA5EF /* Assets.xcassets in Resources */,
			);
			runOnlyForDeploymentPostprocessing = 0;
		};
/* End PBXResourcesBuildPhase section */

/* Begin PBXSourcesBuildPhase section */
		28F5519B2A2708B90035CF2A /* Sources */ = {
			isa = PBXSourcesBuildPhase;
			buildActionMask = 2147483647;
			files = (
				28F233872A3DABE100EFA5EF /* ReminderListView.swift in Sources */,
				28F233792A3DABE100EFA5EF /* CustomOperators.swift in Sources */,
				28F233802A3DABE100EFA5EF /* Date+Extensions.swift in Sources */,
				28F233892A3DABE100EFA5EF /* MyListCellView.swift in Sources */,
				28F2338D2A3DABE100EFA5EF /* ReminderService.swift in Sources */,
				28F2338E2A3DABE100EFA5EF /* LoginView.swift in Sources */,
				28F233842A3DABE100EFA5EF /* ReminderDetailView.swift in Sources */,
				28F233812A3DABE100EFA5EF /* UIColorTransformer.swift in Sources */,
				28F2337B2A3DABE100EFA5EF /* MyList+CoreDataClass.swift in Sources */,
				28F233902A3DABE100EFA5EF /* ContentView.swift in Sources */,
				28F233852A3DABE100EFA5EF /* SelectListView.swift in Sources */,
				28F2338F2A3DABE100EFA5EF /* RegisterView.swift in Sources */,
				28F233782A3DABE100EFA5EF /* Delay.swift in Sources */,
				28F2337A2A3DABE100EFA5EF /* ReminderEditConfig.swift in Sources */,
				28F2338B2A3DABE100EFA5EF /* RemindersModel.xcdatamodeld in Sources */,
				28F2337F2A3DABE100EFA5EF /* Color+Extensions.swift in Sources */,
				28F2337D2A3DABE100EFA5EF /* PreviewData.swift in Sources */,
				28F233752A3DABE100EFA5EF /* CoreDataProvider.swift in Sources */,
				28F233832A3DABE100EFA5EF /* ColorPickerView.swift in Sources */,
				28F233772A3DABE100EFA5EF /* UserDataManager.swift in Sources */,
				28F2337C2A3DABE100EFA5EF /* MyList+CoreDataProperties.swift in Sources */,
				28F233862A3DABE100EFA5EF /* AddNewListView.swift in Sources */,
				28F233822A3DABE100EFA5EF /* RemindersAppApp.swift in Sources */,
				28F233882A3DABE100EFA5EF /* ReminderCellView.swift in Sources */,
				28F2338A2A3DABE100EFA5EF /* MyListsView.swift in Sources */,
			);
			runOnlyForDeploymentPostprocessing = 0;
		};
/* End PBXSourcesBuildPhase section */

/* Begin XCBuildConfiguration section */
		28F551AB2A2708BA0035CF2A /* Debug */ = {
			isa = XCBuildConfiguration;
			buildSettings = {
				ALWAYS_SEARCH_USER_PATHS = NO;
				CLANG_ANALYZER_NONNULL = YES;
				CLANG_ANALYZER_NUMBER_OBJECT_CONVERSION = YES_AGGRESSIVE;
				CLANG_CXX_LANGUAGE_STANDARD = "gnu++20";
				CLANG_ENABLE_MODULES = YES;
				CLANG_ENABLE_OBJC_ARC = YES;
				CLANG_ENABLE_OBJC_WEAK = YES;
				CLANG_WARN_BLOCK_CAPTURE_AUTORELEASING = YES;
				CLANG_WARN_BOOL_CONVERSION = YES;
				CLANG_WARN_COMMA = YES;
				CLANG_WARN_CONSTANT_CONVERSION = YES;
				CLANG_WARN_DEPRECATED_OBJC_IMPLEMENTATIONS = YES;
				CLANG_WARN_DIRECT_OBJC_ISA_USAGE = YES_ERROR;
				CLANG_WARN_DOCUMENTATION_COMMENTS = YES;
				CLANG_WARN_EMPTY_BODY = YES;
				CLANG_WARN_ENUM_CONVERSION = YES;
				CLANG_WARN_INFINITE_RECURSION = YES;
				CLANG_WARN_INT_CONVERSION = YES;
				CLANG_WARN_NON_LITERAL_NULL_CONVERSION = YES;
				CLANG_WARN_OBJC_IMPLICIT_RETAIN_SELF = YES;
				CLANG_WARN_OBJC_LITERAL_CONVERSION = YES;
				CLANG_WARN_OBJC_ROOT_CLASS = YES_ERROR;
				CLANG_WARN_QUOTED_INCLUDE_IN_FRAMEWORK_HEADER = YES;
				CLANG_WARN_RANGE_LOOP_ANALYSIS = YES;
				CLANG_WARN_STRICT_PROTOTYPES = YES;
				CLANG_WARN_SUSPICIOUS_MOVE = YES;
				CLANG_WARN_UNGUARDED_AVAILABILITY = YES_AGGRESSIVE;
				CLANG_WARN_UNREACHABLE_CODE = YES;
				CLANG_WARN__DUPLICATE_METHOD_MATCH = YES;
				COPY_PHASE_STRIP = NO;
				DEBUG_INFORMATION_FORMAT = dwarf;
				ENABLE_STRICT_OBJC_MSGSEND = YES;
				ENABLE_TESTABILITY = YES;
				GCC_C_LANGUAGE_STANDARD = gnu11;
				GCC_DYNAMIC_NO_PIC = NO;
				GCC_NO_COMMON_BLOCKS = YES;
				GCC_OPTIMIZATION_LEVEL = 0;
				GCC_PREPROCESSOR_DEFINITIONS = (
					"DEBUG=1",
					"$(inherited)",
				);
				GCC_WARN_64_TO_32_BIT_CONVERSION = YES;
				GCC_WARN_ABOUT_RETURN_TYPE = YES_ERROR;
				GCC_WARN_UNDECLARED_SELECTOR = YES;
				GCC_WARN_UNINITIALIZED_AUTOS = YES_AGGRESSIVE;
				GCC_WARN_UNUSED_FUNCTION = YES;
				GCC_WARN_UNUSED_VARIABLE = YES;
				IPHONEOS_DEPLOYMENT_TARGET = 16.2;
				MTL_ENABLE_DEBUG_INFO = INCLUDE_SOURCE;
				MTL_FAST_MATH = YES;
				ONLY_ACTIVE_ARCH = YES;
				SDKROOT = iphoneos;
				SWIFT_ACTIVE_COMPILATION_CONDITIONS = DEBUG;
				SWIFT_OPTIMIZATION_LEVEL = "-Onone";
			};
			name = Debug;
		};
		28F551AC2A2708BA0035CF2A /* Release */ = {
			isa = XCBuildConfiguration;
			buildSettings = {
				ALWAYS_SEARCH_USER_PATHS = NO;
				CLANG_ANALYZER_NONNULL = YES;
				CLANG_ANALYZER_NUMBER_OBJECT_CONVERSION = YES_AGGRESSIVE;
				CLANG_CXX_LANGUAGE_STANDARD = "gnu++20";
				CLANG_ENABLE_MODULES = YES;
				CLANG_ENABLE_OBJC_ARC = YES;
				CLANG_ENABLE_OBJC_WEAK = YES;
				CLANG_WARN_BLOCK_CAPTURE_AUTORELEASING = YES;
				CLANG_WARN_BOOL_CONVERSION = YES;
				CLANG_WARN_COMMA = YES;
				CLANG_WARN_CONSTANT_CONVERSION = YES;
				CLANG_WARN_DEPRECATED_OBJC_IMPLEMENTATIONS = YES;
				CLANG_WARN_DIRECT_OBJC_ISA_USAGE = YES_ERROR;
				CLANG_WARN_DOCUMENTATION_COMMENTS = YES;
				CLANG_WARN_EMPTY_BODY = YES;
				CLANG_WARN_ENUM_CONVERSION = YES;
				CLANG_WARN_INFINITE_RECURSION = YES;
				CLANG_WARN_INT_CONVERSION = YES;
				CLANG_WARN_NON_LITERAL_NULL_CONVERSION = YES;
				CLANG_WARN_OBJC_IMPLICIT_RETAIN_SELF = YES;
				CLANG_WARN_OBJC_LITERAL_CONVERSION = YES;
				CLANG_WARN_OBJC_ROOT_CLASS = YES_ERROR;
				CLANG_WARN_QUOTED_INCLUDE_IN_FRAMEWORK_HEADER = YES;
				CLANG_WARN_RANGE_LOOP_ANALYSIS = YES;
				CLANG_WARN_STRICT_PROTOTYPES = YES;
				CLANG_WARN_SUSPICIOUS_MOVE = YES;
				CLANG_WARN_UNGUARDED_AVAILABILITY = YES_AGGRESSIVE;
				CLANG_WARN_UNREACHABLE_CODE = YES;
				CLANG_WARN__DUPLICATE_METHOD_MATCH = YES;
				COPY_PHASE_STRIP = NO;
				DEBUG_INFORMATION_FORMAT = "dwarf-with-dsym";
				ENABLE_NS_ASSERTIONS = NO;
				ENABLE_STRICT_OBJC_MSGSEND = YES;
				GCC_C_LANGUAGE_STANDARD = gnu11;
				GCC_NO_COMMON_BLOCKS = YES;
				GCC_WARN_64_TO_32_BIT_CONVERSION = YES;
				GCC_WARN_ABOUT_RETURN_TYPE = YES_ERROR;
				GCC_WARN_UNDECLARED_SELECTOR = YES;
				GCC_WARN_UNINITIALIZED_AUTOS = YES_AGGRESSIVE;
				GCC_WARN_UNUSED_FUNCTION = YES;
				GCC_WARN_UNUSED_VARIABLE = YES;
				IPHONEOS_DEPLOYMENT_TARGET = 16.2;
				MTL_ENABLE_DEBUG_INFO = NO;
				MTL_FAST_MATH = YES;
				SDKROOT = iphoneos;
				SWIFT_COMPILATION_MODE = wholemodule;
				SWIFT_OPTIMIZATION_LEVEL = "-O";
				VALIDATE_PRODUCT = YES;
			};
			name = Release;
		};
		28F551AE2A2708BA0035CF2A /* Debug */ = {
			isa = XCBuildConfiguration;
			buildSettings = {
				ASSETCATALOG_COMPILER_APPICON_NAME = AppIcon;
				ASSETCATALOG_COMPILER_GLOBAL_ACCENT_COLOR_NAME = AccentColor;
				CODE_SIGN_STYLE = Automatic;
				CURRENT_PROJECT_VERSION = 1;
				DEVELOPMENT_TEAM = B2BVUS6X5N;
				ENABLE_PREVIEWS = YES;
				GENERATE_INFOPLIST_FILE = YES;
				INFOPLIST_KEY_UIApplicationSceneManifest_Generation = YES;
				INFOPLIST_KEY_UIApplicationSupportsIndirectInputEvents = YES;
				INFOPLIST_KEY_UILaunchScreen_Generation = YES;
				INFOPLIST_KEY_UISupportedInterfaceOrientations_iPad = "UIInterfaceOrientationPortrait UIInterfaceOrientationPortraitUpsideDown UIInterfaceOrientationLandscapeLeft UIInterfaceOrientationLandscapeRight";
				INFOPLIST_KEY_UISupportedInterfaceOrientations_iPhone = "UIInterfaceOrientationPortrait UIInterfaceOrientationLandscapeLeft UIInterfaceOrientationLandscapeRight";
				LD_RUNPATH_SEARCH_PATHS = (
					"$(inherited)",
					"@executable_path/Frameworks",
				);
				MARKETING_VERSION = 1.0;
				PRODUCT_BUNDLE_IDENTIFIER = "com.paul.Asteroid-ToDoList";
				PRODUCT_NAME = "$(TARGET_NAME)";
				SWIFT_EMIT_LOC_STRINGS = YES;
				SWIFT_VERSION = 5.0;
				TARGETED_DEVICE_FAMILY = "1,2";
			};
			name = Debug;
		};
		28F551AF2A2708BA0035CF2A /* Release */ = {
			isa = XCBuildConfiguration;
			buildSettings = {
				ASSETCATALOG_COMPILER_APPICON_NAME = AppIcon;
				ASSETCATALOG_COMPILER_GLOBAL_ACCENT_COLOR_NAME = AccentColor;
				CODE_SIGN_STYLE = Automatic;
				CURRENT_PROJECT_VERSION = 1;
				DEVELOPMENT_TEAM = B2BVUS6X5N;
				ENABLE_PREVIEWS = YES;
				GENERATE_INFOPLIST_FILE = YES;
				INFOPLIST_KEY_UIApplicationSceneManifest_Generation = YES;
				INFOPLIST_KEY_UIApplicationSupportsIndirectInputEvents = YES;
				INFOPLIST_KEY_UILaunchScreen_Generation = YES;
				INFOPLIST_KEY_UISupportedInterfaceOrientations_iPad = "UIInterfaceOrientationPortrait UIInterfaceOrientationPortraitUpsideDown UIInterfaceOrientationLandscapeLeft UIInterfaceOrientationLandscapeRight";
				INFOPLIST_KEY_UISupportedInterfaceOrientations_iPhone = "UIInterfaceOrientationPortrait UIInterfaceOrientationLandscapeLeft UIInterfaceOrientationLandscapeRight";
				LD_RUNPATH_SEARCH_PATHS = (
					"$(inherited)",
					"@executable_path/Frameworks",
				);
				MARKETING_VERSION = 1.0;
				PRODUCT_BUNDLE_IDENTIFIER = "com.paul.Asteroid-ToDoList";
				PRODUCT_NAME = "$(TARGET_NAME)";
				SWIFT_EMIT_LOC_STRINGS = YES;
				SWIFT_VERSION = 5.0;
				TARGETED_DEVICE_FAMILY = "1,2";
			};
			name = Release;
		};
/* End XCBuildConfiguration section */

/* Begin XCConfigurationList section */
		28F5519A2A2708B90035CF2A /* Build configuration list for PBXProject "Asteroid_ToDoList" */ = {
			isa = XCConfigurationList;
			buildConfigurations = (
				28F551AB2A2708BA0035CF2A /* Debug */,
				28F551AC2A2708BA0035CF2A /* Release */,
			);
			defaultConfigurationIsVisible = 0;
			defaultConfigurationName = Release;
		};
		28F551AD2A2708BA0035CF2A /* Build configuration list for PBXNativeTarget "Asteroid_ToDoList" */ = {
			isa = XCConfigurationList;
			buildConfigurations = (
				28F551AE2A2708BA0035CF2A /* Debug */,
				28F551AF2A2708BA0035CF2A /* Release */,
			);
			defaultConfigurationIsVisible = 0;
			defaultConfigurationName = Release;
		};
/* End XCConfigurationList section */

/* Begin XCRemoteSwiftPackageReference section */
		28F233912A3DAC0F00EFA5EF /* XCRemoteSwiftPackageReference "Alamofire" */ = {
			isa = XCRemoteSwiftPackageReference;
			repositoryURL = "https://github.com/Alamofire/Alamofire";
			requirement = {
				kind = upToNextMajorVersion;
				minimumVersion = 5.0.0;
			};
		};
/* End XCRemoteSwiftPackageReference section */

/* Begin XCSwiftPackageProductDependency section */
		28F233922A3DAC0F00EFA5EF /* Alamofire */ = {
			isa = XCSwiftPackageProductDependency;
			package = 28F233912A3DAC0F00EFA5EF /* XCRemoteSwiftPackageReference "Alamofire" */;
			productName = Alamofire;
		};
/* End XCSwiftPackageProductDependency section */

/* Begin XCVersionGroup section */
		28F2336B2A3DABE100EFA5EF /* RemindersModel.xcdatamodeld */ = {
			isa = XCVersionGroup;
			children = (
				28F2336C2A3DABE100EFA5EF /* RemindersModel.xcdatamodel */,
			);
			currentVersion = 28F2336C2A3DABE100EFA5EF /* RemindersModel.xcdatamodel */;
			path = RemindersModel.xcdatamodeld;
			sourceTree = "<group>";
			versionGroupType = wrapper.xcdatamodel;
		};
/* End XCVersionGroup section */
	};
	rootObject = 28F551972A2708B90035CF2A /* Project object */;
}
